{
    "version": 3,
    "terraform_version": "0.11.14",
    "serial": 2,
    "lineage": "bdc0a035-4de4-c5b3-a5f0-0339281fdf32",
    "modules": [
        {
            "path": [
                "root"
            ],
            "outputs": {
                "sshcommand": {
                    "sensitive": false,
                    "type": "string",
                    "value": "ssh root@169.61.244.253"
                }
            },
            "resources": {
                "data.ibm_is_image.ubuntu": {
                    "type": "ibm_is_image",
                    "depends_on": [],
                    "primary": {
                        "id": "cfdaf1a0-5350-4350-fcbc-97173b510843",
                        "attributes": {
                            "architecture": "amd64",
                            "crn": "crn:v1:bluemix:public:is:us-south:::image:cfdaf1a0-5350-4350-fcbc-97173b510843",
                            "id": "cfdaf1a0-5350-4350-fcbc-97173b510843",
                            "name": "ubuntu-18.04-amd64",
                            "os": "ubuntu-18-04-amd64",
                            "status": "available",
                            "visibility": "public"
                        },
                        "meta": {},
                        "tainted": false
                    },
                    "deposed": [],
                    "provider": "provider.ibm"
                },
                "data.ibm_is_ssh_key.ssh_key_id": {
                    "type": "ibm_is_ssh_key",
                    "depends_on": [],
                    "primary": {
                        "id": "636f6d70-0000-0001-0000-00000013ce2f",
                        "attributes": {
                            "fingerprint": "SHA256:V7aiqGkM4zWi9bQEu0mS3r5wR0l5ErCamEN/vY4xxBI",
                            "id": "636f6d70-0000-0001-0000-00000013ce2f",
                            "length": "2048",
                            "name": "Esteban",
                            "resource_controller_url": "https://cloud.ibm.com/vpc/compute/sshKeys",
                            "resource_crn": "crn:v1:bluemix:public:is:us-south:a/26a3d1a386bd2cc44df1997eb7ac0ef1::key:636f6d70-0000-0001-0000-00000013ce2f",
                            "resource_name": "Esteban",
                            "type": "rsa"
                        },
                        "meta": {},
                        "tainted": false
                    },
                    "deposed": [],
                    "provider": "provider.ibm"
                },
                "ibm_is_floating_ip.fip1": {
                    "type": "ibm_is_floating_ip",
                    "depends_on": [
                        "ibm_is_instance.vsi1",
                        "local.BASENAME"
                    ],
                    "primary": {
                        "id": "12262f47-99c9-441e-9daa-f7597940a22e",
                        "attributes": {
                            "address": "169.61.244.253",
                            "id": "12262f47-99c9-441e-9daa-f7597940a22e",
                            "name": "demoeariasn-fip1",
                            "resource_controller_url": "https://cloud.ibm.com/vpc/network/floatingIPs",
                            "resource_crn": "crn:v1:bluemix:public:is:us-south-1:a/26a3d1a386bd2cc44df1997eb7ac0ef1::floating-ip:12262f47-99c9-441e-9daa-f7597940a22e",
                            "resource_name": "demoeariasn-fip1",
                            "resource_status": "available",
                            "status": "available",
                            "target": "1da49bd7-932b-4d91-80bc-d5ffe5c4a59e",
                            "zone": "us-south-1"
                        },
                        "meta": {
                            "e2bfb730-ecaa-11e6-8f88-34363bc7c4c0": {
                                "create": 600000000000,
                                "delete": 600000000000
                            }
                        },
                        "tainted": false
                    },
                    "deposed": [],
                    "provider": "provider.ibm"
                },
                "ibm_is_instance.vsi1": {
                    "type": "ibm_is_instance",
                    "depends_on": [
                        "data.ibm_is_image.ubuntu",
                        "data.ibm_is_ssh_key.ssh_key_id",
                        "ibm_is_security_group.sg1",
                        "ibm_is_subnet.subnet1",
                        "ibm_is_vpc.vpc",
                        "local.BASENAME",
                        "local.ZONE"
                    ],
                    "primary": {
                        "id": "9a8e539f-5687-493d-aa8c-039c716d5953",
                        "attributes": {
                            "boot_volume.#": "1",
                            "boot_volume.0.encryption": "",
                            "boot_volume.0.iops": "3000",
                            "boot_volume.0.name": "attachment-29aeb87f-1130-4d0a-8fc5-733a4d3f5df4",
                            "boot_volume.0.profile": "general-purpose",
                            "boot_volume.0.size": "100",
                            "gpu.#": "0",
                            "id": "9a8e539f-5687-493d-aa8c-039c716d5953",
                            "image": "cfdaf1a0-5350-4350-fcbc-97173b510843",
                            "keys.#": "1",
                            "keys.3625897442": "636f6d70-0000-0001-0000-00000013ce2f",
                            "memory": "4",
                            "name": "demoeariasn-vsi1",
                            "network_interfaces.#": "0",
                            "primary_network_interface.#": "1",
                            "primary_network_interface.0.id": "1da49bd7-932b-4d91-80bc-d5ffe5c4a59e",
                            "primary_network_interface.0.name": "starter-disengage-myself-consult-veto",
                            "primary_network_interface.0.port_speed": "0",
                            "primary_network_interface.0.primary_ipv4_address": "10.240.0.79",
                            "primary_network_interface.0.security_groups.#": "1",
                            "primary_network_interface.0.security_groups.1548245309": "2d364f0a-a870-42c3-a554-000002316208",
                            "primary_network_interface.0.subnet": "87815595-fcab-4c93-a0a9-d59d70835193",
                            "profile": "cc1-2x4",
                            "resource_controller_url": "https://cloud.ibm.com/vpc/compute/vs",
                            "resource_crn": "crn:v1:bluemix:public:is:us-south-1:a/26a3d1a386bd2cc44df1997eb7ac0ef1::instance:9a8e539f-5687-493d-aa8c-039c716d5953",
                            "resource_group": "e1d6e82017384baba3ecfb33f3f6a12c",
                            "resource_group_name": "",
                            "resource_name": "demoeariasn-vsi1",
                            "resource_status": "running",
                            "status": "running",
                            "vcpu.#": "1",
                            "vcpu.0.architecture": "amd64",
                            "vcpu.0.count": "2",
                            "volumes.#": "0",
                            "vpc": "dc12d115-9a0d-4907-b30a-14155af73a00",
                            "zone": "us-south-1"
                        },
                        "meta": {
                            "e2bfb730-ecaa-11e6-8f88-34363bc7c4c0": {
                                "create": 3600000000000,
                                "delete": 3600000000000
                            }
                        },
                        "tainted": false
                    },
                    "deposed": [],
                    "provider": "provider.ibm"
                },
                "ibm_is_security_group.sg1": {
                    "type": "ibm_is_security_group",
                    "depends_on": [
                        "ibm_is_vpc.vpc",
                        "local.BASENAME"
                    ],
                    "primary": {
                        "id": "2d364f0a-a870-42c3-a554-000002316208",
                        "attributes": {
                            "id": "2d364f0a-a870-42c3-a554-000002316208",
                            "name": "demoeariasn-sg1",
                            "resource_controller_url": "https://cloud.ibm.com/vpc/network/securityGroups",
                            "resource_crn": "crn:v1:bluemix:public:is:us-south:a/26a3d1a386bd2cc44df1997eb7ac0ef1::security-group:2d364f0a-a870-42c3-a554-000002316208",
                            "resource_group": "e1d6e82017384baba3ecfb33f3f6a12c",
                            "resource_group_name": "",
                            "resource_name": "demoeariasn-sg1",
                            "rules.#": "0",
                            "vpc": "dc12d115-9a0d-4907-b30a-14155af73a00"
                        },
                        "meta": {},
                        "tainted": false
                    },
                    "deposed": [],
                    "provider": "provider.ibm"
                },
                "ibm_is_security_group_rule.ingress_ssh_all": {
                    "type": "ibm_is_security_group_rule",
                    "depends_on": [
                        "ibm_is_security_group.sg1"
                    ],
                    "primary": {
                        "id": "2d364f0a-a870-42c3-a554-000002316208.b597cff2-38e8-4e6e-999d-000007010114",
                        "attributes": {
                            "direction": "inbound",
                            "group": "2d364f0a-a870-42c3-a554-000002316208",
                            "id": "2d364f0a-a870-42c3-a554-000002316208.b597cff2-38e8-4e6e-999d-000007010114",
                            "ip_version": "ipv4",
                            "remote": "0.0.0.0/0",
                            "rule_id": "b597cff2-38e8-4e6e-999d-000007010114",
                            "tcp.#": "1",
                            "tcp.0.port_max": "22",
                            "tcp.0.port_min": "22"
                        },
                        "meta": {},
                        "tainted": false
                    },
                    "deposed": [],
                    "provider": "provider.ibm"
                },
                "ibm_is_subnet.subnet1": {
                    "type": "ibm_is_subnet",
                    "depends_on": [
                        "ibm_is_vpc.vpc",
                        "local.BASENAME",
                        "local.ZONE"
                    ],
                    "primary": {
                        "id": "87815595-fcab-4c93-a0a9-d59d70835193",
                        "attributes": {
                            "id": "87815595-fcab-4c93-a0a9-d59d70835193",
                            "ip_version": "ipv4",
                            "ipv4_cidr_block": "10.240.0.0/24",
                            "ipv6_cidr_block": "",
                            "name": "demoeariasn-subnet1",
                            "network_acl": "c9ee3283-c28e-40cb-94f3-eb3a3b421855",
                            "public_gateway": "",
                            "resource_controller_url": "https://cloud.ibm.com/vpc/network/subnets",
                            "resource_crn": "crn:v1:bluemix:public:is:us-south-1:a/26a3d1a386bd2cc44df1997eb7ac0ef1::subnet:87815595-fcab-4c93-a0a9-d59d70835193",
                            "resource_name": "demoeariasn-subnet1",
                            "resource_status": "available",
                            "status": "available",
                            "total_ipv4_address_count": "256",
                            "vpc": "dc12d115-9a0d-4907-b30a-14155af73a00",
                            "zone": "us-south-1"
                        },
                        "meta": {
                            "e2bfb730-ecaa-11e6-8f88-34363bc7c4c0": {
                                "create": 600000000000,
                                "delete": 600000000000,
                                "update": 600000000000
                            }
                        },
                        "tainted": false
                    },
                    "deposed": [],
                    "provider": "provider.ibm"
                },
                "ibm_is_vpc.vpc": {
                    "type": "ibm_is_vpc",
                    "depends_on": [
                        "local.BASENAME"
                    ],
                    "primary": {
                        "id": "dc12d115-9a0d-4907-b30a-14155af73a00",
                        "attributes": {
                            "address_prefix_management": "auto",
                            "classic_access": "false",
                            "default_network_acl": "c9ee3283-c28e-40cb-94f3-eb3a3b421855",
                            "default_security_group": "2d364f0a-a870-42c3-a554-000002316012",
                            "id": "dc12d115-9a0d-4907-b30a-14155af73a00",
                            "name": "demoeariasn-vpc",
                            "resource_controller_url": "https://cloud.ibm.com/vpc/network/vpcs",
                            "resource_crn": "crn:v1:bluemix:public:is:us-south:a/26a3d1a386bd2cc44df1997eb7ac0ef1::vpc:dc12d115-9a0d-4907-b30a-14155af73a00",
                            "resource_group": "e1d6e82017384baba3ecfb33f3f6a12c",
                            "resource_group_name": "",
                            "resource_name": "demoeariasn-vpc",
                            "resource_status": "available",
                            "status": "available",
                            "tags.#": "0"
                        },
                        "meta": {
                            "e2bfb730-ecaa-11e6-8f88-34363bc7c4c0": {
                                "create": 3600000000000,
                                "delete": 3600000000000
                            }
                        },
                        "tainted": false
                    },
                    "deposed": [],
                    "provider": "provider.ibm"
                }
            },
            "depends_on": []
        }
    ]
}
